
Microsoft Visual Studio Solution File, Format Version 12.00
# Visual Studio Version 17
VisualStudioVersion = 17.1.32228.430
MinimumVisualStudioVersion = 10.0.40219.1
Project("{FAE04EC0-301F-11D3-BF4B-00C04F79EFBC}") = "Rosalind.CSharp", "Rosalind.CSharp\Rosalind.CSharp.csproj", "{34AD3C82-0572-48D5-9420-B3866FA7DDB7}"
	ProjectSection(ProjectDependencies) = postProject
		{AE1799A1-8703-4D82-8CA0-47AA724F89A8} = {AE1799A1-8703-4D82-8CA0-47AA724F89A8}
	EndProjectSection
EndProject
Project("{9A19103F-16F7-4668-BE54-9A1E7A4F7556}") = "Rosalind.Common", "Rosalind.Common\Rosalind.Common.csproj", "{AE1799A1-8703-4D82-8CA0-47AA724F89A8}"
EndProject
Project("{9A19103F-16F7-4668-BE54-9A1E7A4F7556}") = "Rosalind.NET.CSharp", "Rosalind.NET.CSharp\Rosalind.NET.CSharp.csproj", "{8AAC6D78-98D5-4B65-A4DC-A0FDAE196AD0}"
EndProject
Project("{9A19103F-16F7-4668-BE54-9A1E7A4F7556}") = "Rosalind.NET.Test", "Rosalind.NET.Test\Rosalind.NET.Test.csproj", "{0AFD33B1-77F3-415E-9DF3-B8B37518519C}"
EndProject
Global
	GlobalSection(SolutionConfigurationPlatforms) = preSolution
		Debug|Any CPU = Debug|Any CPU
		Release|Any CPU = Release|Any CPU
	EndGlobalSection
	GlobalSection(ProjectConfigurationPlatforms) = postSolution
		{34AD3C82-0572-48D5-9420-B3866FA7DDB7}.Debug|Any CPU.ActiveCfg = Debug|Any CPU
		{34AD3C82-0572-48D5-9420-B3866FA7DDB7}.Debug|Any CPU.Build.0 = Debug|Any CPU
		{34AD3C82-0572-48D5-9420-B3866FA7DDB7}.Release|Any CPU.ActiveCfg = Release|Any CPU
		{34AD3C82-0572-48D5-9420-B3866FA7DDB7}.Release|Any CPU.Build.0 = Release|Any CPU
		{AE1799A1-8703-4D82-8CA0-47AA724F89A8}.Debug|Any CPU.ActiveCfg = Debug|Any CPU
		{AE1799A1-8703-4D82-8CA0-47AA724F89A8}.Debug|Any CPU.Build.0 = Debug|Any CPU
		{AE1799A1-8703-4D82-8CA0-47AA724F89A8}.Release|Any CPU.ActiveCfg = Release|Any CPU
		{AE1799A1-8703-4D82-8CA0-47AA724F89A8}.Release|Any CPU.Build.0 = Release|Any CPU
		{8AAC6D78-98D5-4B65-A4DC-A0FDAE196AD0}.Debug|Any CPU.ActiveCfg = Debug|Any CPU
		{8AAC6D78-98D5-4B65-A4DC-A0FDAE196AD0}.Debug|Any CPU.Build.0 = Debug|Any CPU
		{8AAC6D78-98D5-4B65-A4DC-A0FDAE196AD0}.Release|Any CPU.ActiveCfg = Release|Any CPU
		{8AAC6D78-98D5-4B65-A4DC-A0FDAE196AD0}.Release|Any CPU.Build.0 = Release|Any CPU
		{0AFD33B1-77F3-415E-9DF3-B8B37518519C}.Debug|Any CPU.ActiveCfg = Debug|Any CPU
		{0AFD33B1-77F3-415E-9DF3-B8B37518519C}.Debug|Any CPU.Build.0 = Debug|Any CPU
		{0AFD33B1-77F3-415E-9DF3-B8B37518519C}.Release|Any CPU.ActiveCfg = Release|Any CPU
		{0AFD33B1-77F3-415E-9DF3-B8B37518519C}.Release|Any CPU.Build.0 = Release|Any CPU
	EndGlobalSection
	GlobalSection(SolutionProperties) = preSolution
		HideSolutionNode = FALSE
	EndGlobalSection
	GlobalSection(ExtensibilityGlobals) = postSolution
		SolutionGuid = {1BA75462-8030-4EC2-8B53-A68010D3CF4E}
	EndGlobalSection
EndGlobal
